// !$*UTF8*$!
{
	archiveVersion = 1;
	classes = {
	};
	objectVersion = 77;
	objects = {

/* Begin PBXBuildFile section */
		602857392D6614A600295739 /* Devices.swift in Sources */ = {isa = PBXBuildFile; fileRef = 602857382D6614A600295739 /* Devices.swift */; };
		6028573B2D6614B100295739 /* Chat.swift in Sources */ = {isa = PBXBuildFile; fileRef = 6028573A2D6614B100295739 /* Chat.swift */; };
		602857412D66328B00295739 /* NetworkStatusNavigation.swift in Sources */ = {isa = PBXBuildFile; fileRef = 602857402D66328B00295739 /* NetworkStatusNavigation.swift */; };
		602857432D6662BE00295739 /* Events.swift in Sources */ = {isa = PBXBuildFile; fileRef = 602857422D6662BE00295739 /* Events.swift */; };
		602857452D66A2BB00295739 /* HomeViewModel.swift in Sources */ = {isa = PBXBuildFile; fileRef = 602857442D66A2BB00295739 /* HomeViewModel.swift */; };
		602857472D66A33200295739 /* Event.swift in Sources */ = {isa = PBXBuildFile; fileRef = 602857462D66A33200295739 /* Event.swift */; };
		602857492D66A37A00295739 /* EventsResponse.swift in Sources */ = {isa = PBXBuildFile; fileRef = 602857482D66A37A00295739 /* EventsResponse.swift */; };
		6028574B2D66CB3700295739 /* DistributionResponse.swift in Sources */ = {isa = PBXBuildFile; fileRef = 6028574A2D66CB3700295739 /* DistributionResponse.swift */; };
		6028574D2D66D99600295739 /* TotalEventsTab.swift in Sources */ = {isa = PBXBuildFile; fileRef = 6028574C2D66D99600295739 /* TotalEventsTab.swift */; };
		6028574F2D67679D00295739 /* EventsDistribution.swift in Sources */ = {isa = PBXBuildFile; fileRef = 6028574E2D67679D00295739 /* EventsDistribution.swift */; };
		6052319F2D582B9100882091 /* FirebaseAnalytics in Frameworks */ = {isa = PBXBuildFile; productRef = 6052319E2D582B9100882091 /* FirebaseAnalytics */; };
		605231A32D584BD900882091 /* GoogleService-Info.plist in Resources */ = {isa = PBXBuildFile; fileRef = 605231A22D584BD900882091 /* GoogleService-Info.plist */; };
		605231A52D584C7E00882091 /* FirebaseMessaging in Frameworks */ = {isa = PBXBuildFile; productRef = 605231A42D584C7E00882091 /* FirebaseMessaging */; };
		606E27F02D679EED00387D67 /* EventTab.swift in Sources */ = {isa = PBXBuildFile; fileRef = 606E27EF2D679EE600387D67 /* EventTab.swift */; };
		606E27F22D67A55F00387D67 /* SingleEvent.swift in Sources */ = {isa = PBXBuildFile; fileRef = 606E27F12D67A55F00387D67 /* SingleEvent.swift */; };
		606E27F52D681C1B00387D67 /* Date+.swift in Sources */ = {isa = PBXBuildFile; fileRef = 606E27F42D681C1500387D67 /* Date+.swift */; };
		606E27F92D68B1E500387D67 /* ThreatTypes.swift in Sources */ = {isa = PBXBuildFile; fileRef = 606E27F82D68B1E500387D67 /* ThreatTypes.swift */; };
		60C633C32D553A3100CFD81C /* FortiFiApp.swift in Sources */ = {isa = PBXBuildFile; fileRef = 60C633C22D553A3100CFD81C /* FortiFiApp.swift */; };
		60C633C52D553A3100CFD81C /* ContentView.swift in Sources */ = {isa = PBXBuildFile; fileRef = 60C633C42D553A3100CFD81C /* ContentView.swift */; };
		60C633C72D553A3200CFD81C /* Assets.xcassets in Resources */ = {isa = PBXBuildFile; fileRef = 60C633C62D553A3200CFD81C /* Assets.xcassets */; };
		60C633CA2D553A3200CFD81C /* Preview Assets.xcassets in Resources */ = {isa = PBXBuildFile; fileRef = 60C633C92D553A3200CFD81C /* Preview Assets.xcassets */; };
		60DB19642D62C24A009ECBA9 /* LoginView.swift in Sources */ = {isa = PBXBuildFile; fileRef = 60DB19632D62C24A009ECBA9 /* LoginView.swift */; };
		60DB196B2D62C374009ECBA9 /* LoginViewModel.swift in Sources */ = {isa = PBXBuildFile; fileRef = 60DB196A2D62C374009ECBA9 /* LoginViewModel.swift */; };
		60DB196D2D62C3BF009ECBA9 /* User.swift in Sources */ = {isa = PBXBuildFile; fileRef = 60DB196C2D62C3BF009ECBA9 /* User.swift */; };
		60DB196F2D62C532009ECBA9 /* NetworkManager.swift in Sources */ = {isa = PBXBuildFile; fileRef = 60DB196E2D62C532009ECBA9 /* NetworkManager.swift */; };
		60DB19722D62D2A6009ECBA9 /* Errors.swift in Sources */ = {isa = PBXBuildFile; fileRef = 60DB19712D62D2A6009ECBA9 /* Errors.swift */; };
		60DB19752D62D428009ECBA9 /* LoginRequest.swift in Sources */ = {isa = PBXBuildFile; fileRef = 60DB19742D62D428009ECBA9 /* LoginRequest.swift */; };
		60DB19782D62D56F009ECBA9 /* LoginResponse.swift in Sources */ = {isa = PBXBuildFile; fileRef = 60DB19772D62D56F009ECBA9 /* LoginResponse.swift */; };
		60DB197A2D62DA76009ECBA9 /* Alerts.swift in Sources */ = {isa = PBXBuildFile; fileRef = 60DB19792D62DA76009ECBA9 /* Alerts.swift */; };
		60DB197C2D63AD1D009ECBA9 /* SetFcmRequest.swift in Sources */ = {isa = PBXBuildFile; fileRef = 60DB197B2D63AD1D009ECBA9 /* SetFcmRequest.swift */; };
		60DB197F2D63AE60009ECBA9 /* jwt.swift in Sources */ = {isa = PBXBuildFile; fileRef = 60DB197E2D63AE60009ECBA9 /* jwt.swift */; };
		60DB19812D63BF73009ECBA9 /* Base.swift in Sources */ = {isa = PBXBuildFile; fileRef = 60DB19802D63BF73009ECBA9 /* Base.swift */; };
		60DB19832D63CB26009ECBA9 /* Home.swift in Sources */ = {isa = PBXBuildFile; fileRef = 60DB19822D63CB26009ECBA9 /* Home.swift */; };
/* End PBXBuildFile section */

/* Begin PBXFileReference section */
		602857382D6614A600295739 /* Devices.swift */ = {isa = PBXFileReference; lastKnownFileType = sourcecode.swift; path = Devices.swift; sourceTree = "<group>"; };
		6028573A2D6614B100295739 /* Chat.swift */ = {isa = PBXFileReference; lastKnownFileType = sourcecode.swift; path = Chat.swift; sourceTree = "<group>"; };
		602857402D66328B00295739 /* NetworkStatusNavigation.swift */ = {isa = PBXFileReference; lastKnownFileType = sourcecode.swift; path = NetworkStatusNavigation.swift; sourceTree = "<group>"; };
		602857422D6662BE00295739 /* Events.swift */ = {isa = PBXFileReference; lastKnownFileType = sourcecode.swift; path = Events.swift; sourceTree = "<group>"; };
		602857442D66A2BB00295739 /* HomeViewModel.swift */ = {isa = PBXFileReference; lastKnownFileType = sourcecode.swift; path = HomeViewModel.swift; sourceTree = "<group>"; };
		602857462D66A33200295739 /* Event.swift */ = {isa = PBXFileReference; lastKnownFileType = sourcecode.swift; path = Event.swift; sourceTree = "<group>"; };
		602857482D66A37A00295739 /* EventsResponse.swift */ = {isa = PBXFileReference; lastKnownFileType = sourcecode.swift; path = EventsResponse.swift; sourceTree = "<group>"; };
		6028574A2D66CB3700295739 /* DistributionResponse.swift */ = {isa = PBXFileReference; lastKnownFileType = sourcecode.swift; path = DistributionResponse.swift; sourceTree = "<group>"; };
		6028574C2D66D99600295739 /* TotalEventsTab.swift */ = {isa = PBXFileReference; lastKnownFileType = sourcecode.swift; path = TotalEventsTab.swift; sourceTree = "<group>"; };
		6028574E2D67679D00295739 /* EventsDistribution.swift */ = {isa = PBXFileReference; lastKnownFileType = sourcecode.swift; path = EventsDistribution.swift; sourceTree = "<group>"; };
		6052319A2D5826CF00882091 /* FortiFi.entitlements */ = {isa = PBXFileReference; lastKnownFileType = text.plist.entitlements; path = FortiFi.entitlements; sourceTree = "<group>"; };
		605231A22D584BD900882091 /* GoogleService-Info.plist */ = {isa = PBXFileReference; fileEncoding = 4; lastKnownFileType = text.plist.xml; path = "GoogleService-Info.plist"; sourceTree = "<group>"; };
		606E27EF2D679EE600387D67 /* EventTab.swift */ = {isa = PBXFileReference; lastKnownFileType = sourcecode.swift; path = EventTab.swift; sourceTree = "<group>"; };
		606E27F12D67A55F00387D67 /* SingleEvent.swift */ = {isa = PBXFileReference; lastKnownFileType = sourcecode.swift; path = SingleEvent.swift; sourceTree = "<group>"; };
		606E27F42D681C1500387D67 /* Date+.swift */ = {isa = PBXFileReference; lastKnownFileType = sourcecode.swift; path = "Date+.swift"; sourceTree = "<group>"; };
		606E27F82D68B1E500387D67 /* ThreatTypes.swift */ = {isa = PBXFileReference; lastKnownFileType = sourcecode.swift; name = ThreatTypes.swift; path = /Users/jonathannguyen/Downloads/ThreatTypes.swift; sourceTree = "<absolute>"; };
		60C633BF2D553A3100CFD81C /* FortiFi.app */ = {isa = PBXFileReference; explicitFileType = wrapper.application; includeInIndex = 0; path = FortiFi.app; sourceTree = BUILT_PRODUCTS_DIR; };
		60C633C22D553A3100CFD81C /* FortiFiApp.swift */ = {isa = PBXFileReference; lastKnownFileType = sourcecode.swift; path = FortiFiApp.swift; sourceTree = "<group>"; };
		60C633C42D553A3100CFD81C /* ContentView.swift */ = {isa = PBXFileReference; lastKnownFileType = sourcecode.swift; path = ContentView.swift; sourceTree = "<group>"; };
		60C633C62D553A3200CFD81C /* Assets.xcassets */ = {isa = PBXFileReference; lastKnownFileType = folder.assetcatalog; path = Assets.xcassets; sourceTree = "<group>"; };
		60C633C92D553A3200CFD81C /* Preview Assets.xcassets */ = {isa = PBXFileReference; lastKnownFileType = folder.assetcatalog; path = "Preview Assets.xcassets"; sourceTree = "<group>"; };
		60C633D02D553A5A00CFD81C /* Info.plist */ = {isa = PBXFileReference; lastKnownFileType = text.plist; path = Info.plist; sourceTree = "<group>"; };
		60DB19632D62C24A009ECBA9 /* LoginView.swift */ = {isa = PBXFileReference; lastKnownFileType = sourcecode.swift; path = LoginView.swift; sourceTree = "<group>"; };
		60DB196A2D62C374009ECBA9 /* LoginViewModel.swift */ = {isa = PBXFileReference; lastKnownFileType = sourcecode.swift; path = LoginViewModel.swift; sourceTree = "<group>"; };
		60DB196C2D62C3BF009ECBA9 /* User.swift */ = {isa = PBXFileReference; lastKnownFileType = sourcecode.swift; path = User.swift; sourceTree = "<group>"; };
		60DB196E2D62C532009ECBA9 /* NetworkManager.swift */ = {isa = PBXFileReference; lastKnownFileType = sourcecode.swift; path = NetworkManager.swift; sourceTree = "<group>"; };
		60DB19712D62D2A6009ECBA9 /* Errors.swift */ = {isa = PBXFileReference; lastKnownFileType = sourcecode.swift; path = Errors.swift; sourceTree = "<group>"; };
		60DB19742D62D428009ECBA9 /* LoginRequest.swift */ = {isa = PBXFileReference; lastKnownFileType = sourcecode.swift; path = LoginRequest.swift; sourceTree = "<group>"; };
		60DB19772D62D56F009ECBA9 /* LoginResponse.swift */ = {isa = PBXFileReference; lastKnownFileType = sourcecode.swift; path = LoginResponse.swift; sourceTree = "<group>"; };
		60DB19792D62DA76009ECBA9 /* Alerts.swift */ = {isa = PBXFileReference; lastKnownFileType = sourcecode.swift; path = Alerts.swift; sourceTree = "<group>"; };
		60DB197B2D63AD1D009ECBA9 /* SetFcmRequest.swift */ = {isa = PBXFileReference; lastKnownFileType = sourcecode.swift; path = SetFcmRequest.swift; sourceTree = "<group>"; };
		60DB197E2D63AE60009ECBA9 /* jwt.swift */ = {isa = PBXFileReference; lastKnownFileType = sourcecode.swift; path = jwt.swift; sourceTree = "<group>"; };
		60DB19802D63BF73009ECBA9 /* Base.swift */ = {isa = PBXFileReference; lastKnownFileType = sourcecode.swift; path = Base.swift; sourceTree = "<group>"; };
		60DB19822D63CB26009ECBA9 /* Home.swift */ = {isa = PBXFileReference; lastKnownFileType = sourcecode.swift; path = Home.swift; sourceTree = "<group>"; };
/* End PBXFileReference section */

/* Begin PBXFrameworksBuildPhase section */
		60C633BC2D553A3100CFD81C /* Frameworks */ = {
			isa = PBXFrameworksBuildPhase;
			buildActionMask = 2147483647;
			files = (
				605231A52D584C7E00882091 /* FirebaseMessaging in Frameworks */,
				6052319F2D582B9100882091 /* FirebaseAnalytics in Frameworks */,
			);
			runOnlyForDeploymentPostprocessing = 0;
		};
/* End PBXFrameworksBuildPhase section */

/* Begin PBXGroup section */
		6028573E2D66326200295739 /* Home */ = {
			isa = PBXGroup;
			children = (
				6028573F2D66326E00295739 /* Components */,
				60DB19822D63CB26009ECBA9 /* Home.swift */,
				602857422D6662BE00295739 /* Events.swift */,
				606E27F12D67A55F00387D67 /* SingleEvent.swift */,
			);
			path = Home;
			sourceTree = "<group>";
		};
		6028573F2D66326E00295739 /* Components */ = {
			isa = PBXGroup;
			children = (
				606E27EF2D679EE600387D67 /* EventTab.swift */,
				602857402D66328B00295739 /* NetworkStatusNavigation.swift */,
				6028574C2D66D99600295739 /* TotalEventsTab.swift */,
				6028574E2D67679D00295739 /* EventsDistribution.swift */,
			);
			path = Components;
			sourceTree = "<group>";
		};
		606E27F32D681BFF00387D67 /* extensions */ = {
			isa = PBXGroup;
			children = (
				606E27F42D681C1500387D67 /* Date+.swift */,
			);
			path = extensions;
			sourceTree = "<group>";
		};
		60C633B62D553A3100CFD81C = {
			isa = PBXGroup;
			children = (
				60C633C12D553A3100CFD81C /* FortiFi */,
				60C633C02D553A3100CFD81C /* Products */,
			);
			sourceTree = "<group>";
		};
		60C633C02D553A3100CFD81C /* Products */ = {
			isa = PBXGroup;
			children = (
				60C633BF2D553A3100CFD81C /* FortiFi.app */,
			);
			name = Products;
			sourceTree = "<group>";
		};
		60C633C12D553A3100CFD81C /* FortiFi */ = {
			isa = PBXGroup;
			children = (
				60DB19672D62C2F0009ECBA9 /* ViewModels */,
				60DB19602D62C168009ECBA9 /* Models */,
				60DB195F2D62C154009ECBA9 /* Utilities */,
				60DB195E2D62C110009ECBA9 /* Screens */,
				605231A22D584BD900882091 /* GoogleService-Info.plist */,
				6052319A2D5826CF00882091 /* FortiFi.entitlements */,
				60C633D02D553A5A00CFD81C /* Info.plist */,
				60C633C22D553A3100CFD81C /* FortiFiApp.swift */,
				60C633C42D553A3100CFD81C /* ContentView.swift */,
				60C633C62D553A3200CFD81C /* Assets.xcassets */,
				60C633C82D553A3200CFD81C /* Preview Content */,
			);
			path = FortiFi;
			sourceTree = "<group>";
		};
		60C633C82D553A3200CFD81C /* Preview Content */ = {
			isa = PBXGroup;
			children = (
				60C633C92D553A3200CFD81C /* Preview Assets.xcassets */,
			);
			path = "Preview Content";
			sourceTree = "<group>";
		};
		60DB195E2D62C110009ECBA9 /* Screens */ = {
			isa = PBXGroup;
			children = (
				60DB19622D62C191009ECBA9 /* Main */,
				60DB19612D62C186009ECBA9 /* Login */,
			);
			path = Screens;
			sourceTree = "<group>";
		};
		60DB195F2D62C154009ECBA9 /* Utilities */ = {
			isa = PBXGroup;
			children = (
				606E27F32D681BFF00387D67 /* extensions */,
				60DB197D2D63AE51009ECBA9 /* Jwt */,
				60DB19702D62CA03009ECBA9 /* Alerts */,
				60DB196E2D62C532009ECBA9 /* NetworkManager.swift */,
			);
			path = Utilities;
			sourceTree = "<group>";
		};
		60DB19602D62C168009ECBA9 /* Models */ = {
			isa = PBXGroup;
			children = (
				60DB19762D62D561009ECBA9 /* Responses */,
				60DB19732D62D419009ECBA9 /* Requests */,
				60DB196C2D62C3BF009ECBA9 /* User.swift */,
				602857462D66A33200295739 /* Event.swift */,
				606E27F82D68B1E500387D67 /* ThreatTypes.swift */,
			);
			path = Models;
			sourceTree = "<group>";
		};
		60DB19612D62C186009ECBA9 /* Login */ = {
			isa = PBXGroup;
			children = (
				60DB19632D62C24A009ECBA9 /* LoginView.swift */,
			);
			path = Login;
			sourceTree = "<group>";
		};
		60DB19622D62C191009ECBA9 /* Main */ = {
			isa = PBXGroup;
			children = (
				6028573E2D66326200295739 /* Home */,
				602857382D6614A600295739 /* Devices.swift */,
				6028573A2D6614B100295739 /* Chat.swift */,
			);
			path = Main;
			sourceTree = "<group>";
		};
		60DB19672D62C2F0009ECBA9 /* ViewModels */ = {
			isa = PBXGroup;
			children = (
				60DB19692D62C2FF009ECBA9 /* Main */,
				60DB19682D62C2FB009ECBA9 /* Login */,
				60DB19802D63BF73009ECBA9 /* Base.swift */,
			);
			path = ViewModels;
			sourceTree = "<group>";
		};
		60DB19682D62C2FB009ECBA9 /* Login */ = {
			isa = PBXGroup;
			children = (
				60DB196A2D62C374009ECBA9 /* LoginViewModel.swift */,
			);
			path = Login;
			sourceTree = "<group>";
		};
		60DB19692D62C2FF009ECBA9 /* Main */ = {
			isa = PBXGroup;
			children = (
				602857442D66A2BB00295739 /* HomeViewModel.swift */,
			);
			path = Main;
			sourceTree = "<group>";
		};
		60DB19702D62CA03009ECBA9 /* Alerts */ = {
			isa = PBXGroup;
			children = (
				60DB19712D62D2A6009ECBA9 /* Errors.swift */,
				60DB19792D62DA76009ECBA9 /* Alerts.swift */,
			);
			path = Alerts;
			sourceTree = "<group>";
		};
		60DB19732D62D419009ECBA9 /* Requests */ = {
			isa = PBXGroup;
			children = (
				60DB19742D62D428009ECBA9 /* LoginRequest.swift */,
				60DB197B2D63AD1D009ECBA9 /* SetFcmRequest.swift */,
			);
			path = Requests;
			sourceTree = "<group>";
		};
		60DB19762D62D561009ECBA9 /* Responses */ = {
			isa = PBXGroup;
			children = (
				60DB19772D62D56F009ECBA9 /* LoginResponse.swift */,
				602857482D66A37A00295739 /* EventsResponse.swift */,
				6028574A2D66CB3700295739 /* DistributionResponse.swift */,
			);
			path = Responses;
			sourceTree = "<group>";
		};
		60DB197D2D63AE51009ECBA9 /* Jwt */ = {
			isa = PBXGroup;
			children = (
				60DB197E2D63AE60009ECBA9 /* jwt.swift */,
			);
			path = Jwt;
			sourceTree = "<group>";
		};
/* End PBXGroup section */

/* Begin PBXNativeTarget section */
		60C633BE2D553A3100CFD81C /* FortiFi */ = {
			isa = PBXNativeTarget;
			buildConfigurationList = 60C633CD2D553A3200CFD81C /* Build configuration list for PBXNativeTarget "FortiFi" */;
			buildPhases = (
				60C633BB2D553A3100CFD81C /* Sources */,
				60C633BC2D553A3100CFD81C /* Frameworks */,
				60C633BD2D553A3100CFD81C /* Resources */,
			);
			buildRules = (
			);
			dependencies = (
			);
			name = FortiFi;
			packageProductDependencies = (
				6052319E2D582B9100882091 /* FirebaseAnalytics */,
				605231A42D584C7E00882091 /* FirebaseMessaging */,
			);
			productName = FortiFi;
			productReference = 60C633BF2D553A3100CFD81C /* FortiFi.app */;
			productType = "com.apple.product-type.application";
		};
/* End PBXNativeTarget section */

/* Begin PBXProject section */
		60C633B72D553A3100CFD81C /* Project object */ = {
			isa = PBXProject;
			attributes = {
				BuildIndependentTargetsInParallel = 1;
				LastSwiftUpdateCheck = 1530;
				LastUpgradeCheck = 1530;
				TargetAttributes = {
					60C633BE2D553A3100CFD81C = {
						CreatedOnToolsVersion = 15.3;
					};
				};
			};
			buildConfigurationList = 60C633BA2D553A3100CFD81C /* Build configuration list for PBXProject "FortiFi" */;
			developmentRegion = en;
			hasScannedForEncodings = 0;
			knownRegions = (
				en,
				Base,
			);
			mainGroup = 60C633B62D553A3100CFD81C;
			packageReferences = (
				6052319D2D582B9100882091 /* XCRemoteSwiftPackageReference "firebase-ios-sdk" */,
			);
			preferredProjectObjectVersion = 77;
			productRefGroup = 60C633C02D553A3100CFD81C /* Products */;
			projectDirPath = "";
			projectRoot = "";
			targets = (
				60C633BE2D553A3100CFD81C /* FortiFi */,
			);
		};
/* End PBXProject section */

/* Begin PBXResourcesBuildPhase section */
		60C633BD2D553A3100CFD81C /* Resources */ = {
			isa = PBXResourcesBuildPhase;
			buildActionMask = 2147483647;
			files = (
				60C633CA2D553A3200CFD81C /* Preview Assets.xcassets in Resources */,
				60C633C72D553A3200CFD81C /* Assets.xcassets in Resources */,
				605231A32D584BD900882091 /* GoogleService-Info.plist in Resources */,
			);
			runOnlyForDeploymentPostprocessing = 0;
		};
/* End PBXResourcesBuildPhase section */

/* Begin PBXSourcesBuildPhase section */
		60C633BB2D553A3100CFD81C /* Sources */ = {
			isa = PBXSourcesBuildPhase;
			buildActionMask = 2147483647;
			files = (
				602857452D66A2BB00295739 /* HomeViewModel.swift in Sources */,
				60DB197C2D63AD1D009ECBA9 /* SetFcmRequest.swift in Sources */,
				606E27F22D67A55F00387D67 /* SingleEvent.swift in Sources */,
				602857412D66328B00295739 /* NetworkStatusNavigation.swift in Sources */,
				60DB196F2D62C532009ECBA9 /* NetworkManager.swift in Sources */,
				6028574B2D66CB3700295739 /* DistributionResponse.swift in Sources */,
				606E27F92D68B1E500387D67 /* ThreatTypes.swift in Sources */,
				602857472D66A33200295739 /* Event.swift in Sources */,
				602857392D6614A600295739 /* Devices.swift in Sources */,
				60DB196B2D62C374009ECBA9 /* LoginViewModel.swift in Sources */,
				606E27F52D681C1B00387D67 /* Date+.swift in Sources */,
				6028574F2D67679D00295739 /* EventsDistribution.swift in Sources */,
				60DB19782D62D56F009ECBA9 /* LoginResponse.swift in Sources */,
				602857432D6662BE00295739 /* Events.swift in Sources */,
				6028573B2D6614B100295739 /* Chat.swift in Sources */,
				60DB19642D62C24A009ECBA9 /* LoginView.swift in Sources */,
				60DB19812D63BF73009ECBA9 /* Base.swift in Sources */,
				60DB19832D63CB26009ECBA9 /* Home.swift in Sources */,
				60C633C52D553A3100CFD81C /* ContentView.swift in Sources */,
				60DB196D2D62C3BF009ECBA9 /* User.swift in Sources */,
				602857492D66A37A00295739 /* EventsResponse.swift in Sources */,
				606E27F02D679EED00387D67 /* EventTab.swift in Sources */,
				60DB197A2D62DA76009ECBA9 /* Alerts.swift in Sources */,
				6028574D2D66D99600295739 /* TotalEventsTab.swift in Sources */,
				60C633C32D553A3100CFD81C /* FortiFiApp.swift in Sources */,
				60DB197F2D63AE60009ECBA9 /* jwt.swift in Sources */,
				60DB19722D62D2A6009ECBA9 /* Errors.swift in Sources */,
				60DB19752D62D428009ECBA9 /* LoginRequest.swift in Sources */,
			);
			runOnlyForDeploymentPostprocessing = 0;
		};
/* End PBXSourcesBuildPhase section */

/* Begin XCBuildConfiguration section */
		60C633CB2D553A3200CFD81C /* Debug */ = {
			isa = XCBuildConfiguration;
			buildSettings = {
				ALWAYS_SEARCH_USER_PATHS = NO;
				ASSETCATALOG_COMPILER_GENERATE_SWIFT_ASSET_SYMBOL_EXTENSIONS = YES;
				CLANG_ANALYZER_NONNULL = YES;
				CLANG_ANALYZER_NUMBER_OBJECT_CONVERSION = YES_AGGRESSIVE;
				CLANG_CXX_LANGUAGE_STANDARD = "gnu++20";
				CLANG_ENABLE_MODULES = YES;
				CLANG_ENABLE_OBJC_ARC = YES;
				CLANG_ENABLE_OBJC_WEAK = YES;
				CLANG_WARN_BLOCK_CAPTURE_AUTORELEASING = YES;
				CLANG_WARN_BOOL_CONVERSION = YES;
				CLANG_WARN_COMMA = YES;
				CLANG_WARN_CONSTANT_CONVERSION = YES;
				CLANG_WARN_DEPRECATED_OBJC_IMPLEMENTATIONS = YES;
				CLANG_WARN_DIRECT_OBJC_ISA_USAGE = YES_ERROR;
				CLANG_WARN_DOCUMENTATION_COMMENTS = YES;
				CLANG_WARN_EMPTY_BODY = YES;
				CLANG_WARN_ENUM_CONVERSION = YES;
				CLANG_WARN_INFINITE_RECURSION = YES;
				CLANG_WARN_INT_CONVERSION = YES;
				CLANG_WARN_NON_LITERAL_NULL_CONVERSION = YES;
				CLANG_WARN_OBJC_IMPLICIT_RETAIN_SELF = YES;
				CLANG_WARN_OBJC_LITERAL_CONVERSION = YES;
				CLANG_WARN_OBJC_ROOT_CLASS = YES_ERROR;
				CLANG_WARN_QUOTED_INCLUDE_IN_FRAMEWORK_HEADER = YES;
				CLANG_WARN_RANGE_LOOP_ANALYSIS = YES;
				CLANG_WARN_STRICT_PROTOTYPES = YES;
				CLANG_WARN_SUSPICIOUS_MOVE = YES;
				CLANG_WARN_UNGUARDED_AVAILABILITY = YES_AGGRESSIVE;
				CLANG_WARN_UNREACHABLE_CODE = YES;
				CLANG_WARN__DUPLICATE_METHOD_MATCH = YES;
				COPY_PHASE_STRIP = NO;
				DEBUG_INFORMATION_FORMAT = dwarf;
				ENABLE_STRICT_OBJC_MSGSEND = YES;
				ENABLE_TESTABILITY = YES;
				ENABLE_USER_SCRIPT_SANDBOXING = YES;
				GCC_C_LANGUAGE_STANDARD = gnu17;
				GCC_DYNAMIC_NO_PIC = NO;
				GCC_NO_COMMON_BLOCKS = YES;
				GCC_OPTIMIZATION_LEVEL = 0;
				GCC_PREPROCESSOR_DEFINITIONS = (
					"DEBUG=1",
					"$(inherited)",
				);
				GCC_WARN_64_TO_32_BIT_CONVERSION = YES;
				GCC_WARN_ABOUT_RETURN_TYPE = YES_ERROR;
				GCC_WARN_UNDECLARED_SELECTOR = YES;
				GCC_WARN_UNINITIALIZED_AUTOS = YES_AGGRESSIVE;
				GCC_WARN_UNUSED_FUNCTION = YES;
				GCC_WARN_UNUSED_VARIABLE = YES;
				IPHONEOS_DEPLOYMENT_TARGET = 17.4;
				LOCALIZATION_PREFERS_STRING_CATALOGS = YES;
				MTL_ENABLE_DEBUG_INFO = INCLUDE_SOURCE;
				MTL_FAST_MATH = YES;
				ONLY_ACTIVE_ARCH = YES;
				SDKROOT = iphoneos;
				SWIFT_ACTIVE_COMPILATION_CONDITIONS = "DEBUG $(inherited)";
				SWIFT_OPTIMIZATION_LEVEL = "-Onone";
			};
			name = Debug;
		};
		60C633CC2D553A3200CFD81C /* Release */ = {
			isa = XCBuildConfiguration;
			buildSettings = {
				ALWAYS_SEARCH_USER_PATHS = NO;
				ASSETCATALOG_COMPILER_GENERATE_SWIFT_ASSET_SYMBOL_EXTENSIONS = YES;
				CLANG_ANALYZER_NONNULL = YES;
				CLANG_ANALYZER_NUMBER_OBJECT_CONVERSION = YES_AGGRESSIVE;
				CLANG_CXX_LANGUAGE_STANDARD = "gnu++20";
				CLANG_ENABLE_MODULES = YES;
				CLANG_ENABLE_OBJC_ARC = YES;
				CLANG_ENABLE_OBJC_WEAK = YES;
				CLANG_WARN_BLOCK_CAPTURE_AUTORELEASING = YES;
				CLANG_WARN_BOOL_CONVERSION = YES;
				CLANG_WARN_COMMA = YES;
				CLANG_WARN_CONSTANT_CONVERSION = YES;
				CLANG_WARN_DEPRECATED_OBJC_IMPLEMENTATIONS = YES;
				CLANG_WARN_DIRECT_OBJC_ISA_USAGE = YES_ERROR;
				CLANG_WARN_DOCUMENTATION_COMMENTS = YES;
				CLANG_WARN_EMPTY_BODY = YES;
				CLANG_WARN_ENUM_CONVERSION = YES;
				CLANG_WARN_INFINITE_RECURSION = YES;
				CLANG_WARN_INT_CONVERSION = YES;
				CLANG_WARN_NON_LITERAL_NULL_CONVERSION = YES;
				CLANG_WARN_OBJC_IMPLICIT_RETAIN_SELF = YES;
				CLANG_WARN_OBJC_LITERAL_CONVERSION = YES;
				CLANG_WARN_OBJC_ROOT_CLASS = YES_ERROR;
				CLANG_WARN_QUOTED_INCLUDE_IN_FRAMEWORK_HEADER = YES;
				CLANG_WARN_RANGE_LOOP_ANALYSIS = YES;
				CLANG_WARN_STRICT_PROTOTYPES = YES;
				CLANG_WARN_SUSPICIOUS_MOVE = YES;
				CLANG_WARN_UNGUARDED_AVAILABILITY = YES_AGGRESSIVE;
				CLANG_WARN_UNREACHABLE_CODE = YES;
				CLANG_WARN__DUPLICATE_METHOD_MATCH = YES;
				COPY_PHASE_STRIP = NO;
				DEBUG_INFORMATION_FORMAT = "dwarf-with-dsym";
				ENABLE_NS_ASSERTIONS = NO;
				ENABLE_STRICT_OBJC_MSGSEND = YES;
				ENABLE_USER_SCRIPT_SANDBOXING = YES;
				GCC_C_LANGUAGE_STANDARD = gnu17;
				GCC_NO_COMMON_BLOCKS = YES;
				GCC_WARN_64_TO_32_BIT_CONVERSION = YES;
				GCC_WARN_ABOUT_RETURN_TYPE = YES_ERROR;
				GCC_WARN_UNDECLARED_SELECTOR = YES;
				GCC_WARN_UNINITIALIZED_AUTOS = YES_AGGRESSIVE;
				GCC_WARN_UNUSED_FUNCTION = YES;
				GCC_WARN_UNUSED_VARIABLE = YES;
				IPHONEOS_DEPLOYMENT_TARGET = 17.4;
				LOCALIZATION_PREFERS_STRING_CATALOGS = YES;
				MTL_ENABLE_DEBUG_INFO = NO;
				MTL_FAST_MATH = YES;
				SDKROOT = iphoneos;
				SWIFT_COMPILATION_MODE = wholemodule;
				VALIDATE_PRODUCT = YES;
			};
			name = Release;
		};
		60C633CE2D553A3200CFD81C /* Debug */ = {
			isa = XCBuildConfiguration;
			buildSettings = {
				ASSETCATALOG_COMPILER_APPICON_NAME = AppIcon;
				ASSETCATALOG_COMPILER_GLOBAL_ACCENT_COLOR_NAME = AccentColor;
				CODE_SIGN_ENTITLEMENTS = FortiFi/FortiFi.entitlements;
				CODE_SIGN_IDENTITY = "Apple Development";
				CODE_SIGN_STYLE = Automatic;
				CURRENT_PROJECT_VERSION = 1;
				DEVELOPMENT_ASSET_PATHS = "\"FortiFi/Preview Content\"";
				DEVELOPMENT_TEAM = 64T88QXKH2;
				ENABLE_PREVIEWS = YES;
				GENERATE_INFOPLIST_FILE = YES;
				INFOPLIST_FILE = FortiFi/Info.plist;
				INFOPLIST_KEY_UIApplicationSceneManifest_Generation = YES;
				INFOPLIST_KEY_UIApplicationSupportsIndirectInputEvents = YES;
				INFOPLIST_KEY_UILaunchScreen_Generation = YES;
				INFOPLIST_KEY_UISupportedInterfaceOrientations = UIInterfaceOrientationPortrait;
				INFOPLIST_KEY_UISupportedInterfaceOrientations_iPad = "UIInterfaceOrientationLandscapeLeft UIInterfaceOrientationLandscapeRight UIInterfaceOrientationPortrait UIInterfaceOrientationPortraitUpsideDown";
				IPHONEOS_DEPLOYMENT_TARGET = 18.0;
				LD_RUNPATH_SEARCH_PATHS = (
					"$(inherited)",
					"@executable_path/Frameworks",
				);
				MARKETING_VERSION = 1.0;
				PRODUCT_BUNDLE_IDENTIFIER = FortiFi.FortiFi;
				PRODUCT_NAME = "$(TARGET_NAME)";
				PROVISIONING_PROFILE_SPECIFIER = "";
				SWIFT_EMIT_LOC_STRINGS = YES;
				SWIFT_VERSION = 5.0;
				TARGETED_DEVICE_FAMILY = "1,2";
			};
			name = Debug;
		};
		60C633CF2D553A3200CFD81C /* Release */ = {
			isa = XCBuildConfiguration;
			buildSettings = {
				ASSETCATALOG_COMPILER_APPICON_NAME = AppIcon;
				ASSETCATALOG_COMPILER_GLOBAL_ACCENT_COLOR_NAME = AccentColor;
				CODE_SIGN_ENTITLEMENTS = FortiFi/FortiFi.entitlements;
				CODE_SIGN_IDENTITY = "Apple Development";
				CODE_SIGN_STYLE = Automatic;
				CURRENT_PROJECT_VERSION = 1;
				DEVELOPMENT_ASSET_PATHS = "\"FortiFi/Preview Content\"";
				DEVELOPMENT_TEAM = 64T88QXKH2;
				ENABLE_PREVIEWS = YES;
				GENERATE_INFOPLIST_FILE = YES;
				INFOPLIST_FILE = FortiFi/Info.plist;
				INFOPLIST_KEY_UIApplicationSceneManifest_Generation = YES;
				INFOPLIST_KEY_UIApplicationSupportsIndirectInputEvents = YES;
				INFOPLIST_KEY_UILaunchScreen_Generation = YES;
				INFOPLIST_KEY_UISupportedInterfaceOrientations = UIInterfaceOrientationPortrait;
				INFOPLIST_KEY_UISupportedInterfaceOrientations_iPad = "UIInterfaceOrientationLandscapeLeft UIInterfaceOrientationLandscapeRight UIInterfaceOrientationPortrait UIInterfaceOrientationPortraitUpsideDown";
				IPHONEOS_DEPLOYMENT_TARGET = 18.0;
				LD_RUNPATH_SEARCH_PATHS = (
					"$(inherited)",
					"@executable_path/Frameworks",
				);
				MARKETING_VERSION = 1.0;
				PRODUCT_BUNDLE_IDENTIFIER = FortiFi.FortiFi;
				PRODUCT_NAME = "$(TARGET_NAME)";
				PROVISIONING_PROFILE_SPECIFIER = "";
				SWIFT_EMIT_LOC_STRINGS = YES;
				SWIFT_VERSION = 5.0;
				TARGETED_DEVICE_FAMILY = "1,2";
			};
			name = Release;
		};
/* End XCBuildConfiguration section */

/* Begin XCConfigurationList section */
		60C633BA2D553A3100CFD81C /* Build configuration list for PBXProject "FortiFi" */ = {
			isa = XCConfigurationList;
			buildConfigurations = (
				60C633CB2D553A3200CFD81C /* Debug */,
				60C633CC2D553A3200CFD81C /* Release */,
			);
			defaultConfigurationIsVisible = 0;
			defaultConfigurationName = Release;
		};
		60C633CD2D553A3200CFD81C /* Build configuration list for PBXNativeTarget "FortiFi" */ = {
			isa = XCConfigurationList;
			buildConfigurations = (
				60C633CE2D553A3200CFD81C /* Debug */,
				60C633CF2D553A3200CFD81C /* Release */,
			);
			defaultConfigurationIsVisible = 0;
			defaultConfigurationName = Release;
		};
/* End XCConfigurationList section */

/* Begin XCRemoteSwiftPackageReference section */
		6052319D2D582B9100882091 /* XCRemoteSwiftPackageReference "firebase-ios-sdk" */ = {
			isa = XCRemoteSwiftPackageReference;
			repositoryURL = "https://github.com/firebase/firebase-ios-sdk";
			requirement = {
				kind = upToNextMajorVersion;
				minimumVersion = 11.8.1;
			};
		};
/* End XCRemoteSwiftPackageReference section */

/* Begin XCSwiftPackageProductDependency section */
		6052319E2D582B9100882091 /* FirebaseAnalytics */ = {
			isa = XCSwiftPackageProductDependency;
			package = 6052319D2D582B9100882091 /* XCRemoteSwiftPackageReference "firebase-ios-sdk" */;
			productName = FirebaseAnalytics;
		};
		605231A42D584C7E00882091 /* FirebaseMessaging */ = {
			isa = XCSwiftPackageProductDependency;
			package = 6052319D2D582B9100882091 /* XCRemoteSwiftPackageReference "firebase-ios-sdk" */;
			productName = FirebaseMessaging;
		};
/* End XCSwiftPackageProductDependency section */
	};
	rootObject = 60C633B72D553A3100CFD81C /* Project object */;
}
